
Microsoft Visual Studio Solution File, Format Version 12.00
# Visual Studio Version 17
VisualStudioVersion = 17.8.34525.116
MinimumVisualStudioVersion = 10.0.40219.1
Project("{FAE04EC0-301F-11D3-BF4B-00C04F79EFBC}") = "1)GuiBasedApp", "1)GuiBasedApp\1)GuiBasedApp.csproj", "{BCAA7D59-61C6-4938-8A5F-A3F51004E81F}"
EndProject
Global
	GlobalSection(SolutionConfigurationPlatforms) = preSolution
		Debug|Any CPU = Debug|Any CPU
		Release|Any CPU = Release|Any CPU
	EndGlobalSection
	GlobalSection(ProjectConfigurationPlatforms) = postSolution
		{BCAA7D59-61C6-4938-8A5F-A3F51004E81F}.Debug|Any CPU.ActiveCfg = Debug|Any CPU
		{BCAA7D59-61C6-4938-8A5F-A3F51004E81F}.Debug|Any CPU.Build.0 = Debug|Any CPU
		{BCAA7D59-61C6-4938-8A5F-A3F51004E81F}.Release|Any CPU.ActiveCfg = Release|Any CPU
		{BCAA7D59-61C6-4938-8A5F-A3F51004E81F}.Release|Any CPU.Build.0 = Release|Any CPU
	EndGlobalSection
	GlobalSection(SolutionProperties) = preSolution
		HideSolutionNode = FALSE
	EndGlobalSection
	GlobalSection(ExtensibilityGlobals) = postSolution
		SolutionGuid = {37991CF0-5487-4BE4-A2AA-80D5A2AA631F}
	EndGlobalSection
EndGlobal
